# THIS IS AN AUTOGENERATED FILE. DO NOT EDIT THIS FILE DIRECTLY.
# yarn lockfile v1


"@twitter-api-v2/plugin-rate-limit@^1.1.0":
  version "1.1.0"
  resolved "https://registry.yarnpkg.com/@twitter-api-v2/plugin-rate-limit/-/plugin-rate-limit-1.1.0.tgz#a80bbc86f4629575c13ab2f688dafe8b7eb05058"
  integrity sha512-5nUk0w0s1yzzMe+NLN5BlKzwgl9OHkF1Makb5Xje1ntCO1H1fGq0qli80WRvcrpcwKZcSckRkXd4HEksh2LZ6g==

dotenv@^16.0.1:
  version "16.0.1"
  resolved "https://registry.yarnpkg.com/dotenv/-/dotenv-16.0.1.tgz#8f8f9d94876c35dac989876a5d3a82a267fdce1d"
  integrity sha512-1K6hR6wtk2FviQ4kEiSjFiH5rpzEVi8WW0x96aztHVMhEspNpc4DVOUTEHtEva5VThQ8IaBX1Pe4gSzpVVUsKQ==

twitter-api-v2@^1.12.3:
  version "1.12.3"
  resolved "https://registry.yarnpkg.com/twitter-api-v2/-/twitter-api-v2-1.12.3.tgz#9f05321ea83afd9de96ac18aa721aae339110302"
  integrity sha512-FM+RmHdVbCKw/KZ99+if4JQyl2Nx5eF/Jl8CNDeV5J/NSnuFgk3bFw1cZHcNusXitxTWIQ0TQFHr1BkgWDz0wQ==
